Microsoft Visual Studio Solution File, Format Version 11.00
# Visual Studio 2008

Project("{18D36A20-69E5-9885-00E5-D9D07350D09C}") = "3DAtlanta", "Assembly-CSharp-firstpass.csproj", "{315BB41F-D84A-528A-56E9-FE39E3F91B53}"
EndProject
Project("{18D36A20-69E5-9885-00E5-D9D07350D09C}") = "3DAtlanta", "Assembly-CSharp.csproj", "{0B764747-B6F0-373B-0967-01A2761AC595}"
EndProject
Project("{18D36A20-69E5-9885-00E5-D9D07350D09C}") = "3DAtlanta", "Assembly-CSharp-Editor.csproj", "{F1D04EB2-D6AA-B9A5-E40F-1E9E56948443}"
EndProject
Global
	GlobalSection(SolutionConfigurationPlatforms) = preSolution
		Debug|Any CPU = Debug|Any CPU
		Release|Any CPU = Release|Any CPU
	EndGlobalSection
	GlobalSection(ProjectConfigurationPlatforms) = postSolution
		{315BB41F-D84A-528A-56E9-FE39E3F91B53}.Debug|Any CPU.ActiveCfg = Debug|Any CPU
		{315BB41F-D84A-528A-56E9-FE39E3F91B53}.Debug|Any CPU.Build.0 = Debug|Any CPU
		{315BB41F-D84A-528A-56E9-FE39E3F91B53}.Release|Any CPU.ActiveCfg = Release|Any CPU
		{315BB41F-D84A-528A-56E9-FE39E3F91B53}.Release|Any CPU.Build.0 = Release|Any CPU
		{0B764747-B6F0-373B-0967-01A2761AC595}.Debug|Any CPU.ActiveCfg = Debug|Any CPU
		{0B764747-B6F0-373B-0967-01A2761AC595}.Debug|Any CPU.Build.0 = Debug|Any CPU
		{0B764747-B6F0-373B-0967-01A2761AC595}.Release|Any CPU.ActiveCfg = Release|Any CPU
		{0B764747-B6F0-373B-0967-01A2761AC595}.Release|Any CPU.Build.0 = Release|Any CPU
		{F1D04EB2-D6AA-B9A5-E40F-1E9E56948443}.Debug|Any CPU.ActiveCfg = Debug|Any CPU
		{F1D04EB2-D6AA-B9A5-E40F-1E9E56948443}.Debug|Any CPU.Build.0 = Debug|Any CPU
		{F1D04EB2-D6AA-B9A5-E40F-1E9E56948443}.Release|Any CPU.ActiveCfg = Release|Any CPU
		{F1D04EB2-D6AA-B9A5-E40F-1E9E56948443}.Release|Any CPU.Build.0 = Release|Any CPU
	EndGlobalSection
	GlobalSection(SolutionProperties) = preSolution
		HideSolutionNode = FALSE
	EndGlobalSection
	GlobalSection(MonoDevelopProperties) = preSolution
		StartupItem = Assembly-CSharp.csproj
	EndGlobalSection
EndGlobal
